
Microsoft Visual Studio Solution File, Format Version 12.00
# Visual Studio Version 17
VisualStudioVersion = 17.7.34031.279
MinimumVisualStudioVersion = 10.0.40219.1
Project("{2150E333-8FDC-42A3-9474-1A3956D46DE8}") = "build", "build", "{4D4CD17F-EE27-4E16-9353-C2E1CB721DA3}"
	ProjectSection(SolutionItems) = preProject
		build\common.props = build\common.props
		build\version.props = build\version.props
	EndProjectSection
EndProject
Project("{9A19103F-16F7-4668-BE54-9A1E7A4F7556}") = "Build", "build\Build.csproj", "{AA028000-61A0-43C5-BC1B-3CC34E59DD2D}"
EndProject
Project("{2150E333-8FDC-42A3-9474-1A3956D46DE8}") = "src", "src", "{ADA4B57D-C80F-4D51-8309-645A6585AA40}"
EndProject
Project("{2150E333-8FDC-42A3-9474-1A3956D46DE8}") = "02-Identity", "02-Identity", "{A387C12E-20A7-4A43-B160-A173157BD7FF}"
EndProject
Project("{9A19103F-16F7-4668-BE54-9A1E7A4F7556}") = "02-Util.Platform.Share.Identity.Domain", "src\Util.Platform.Share.Identity.Domain\02-Util.Platform.Share.Identity.Domain.csproj", "{C40B81EB-659A-4409-9983-13CFDC30B410}"
EndProject
Project("{9A19103F-16F7-4668-BE54-9A1E7A4F7556}") = "01-Util.Platform.Share.Identity.Common", "src\Util.Platform.Share.Identity.Common\01-Util.Platform.Share.Identity.Common.csproj", "{90889CA7-9D05-4BE1-BC6E-38CFD8CDB6BB}"
EndProject
Project("{9A19103F-16F7-4668-BE54-9A1E7A4F7556}") = "03-Util.Platform.Share.Identity.Data", "src\Util.Platform.Share.Identity.Data\03-Util.Platform.Share.Identity.Data.csproj", "{E5D8D228-258B-4B49-A106-1601E2ED8596}"
EndProject
Project("{9A19103F-16F7-4668-BE54-9A1E7A4F7556}") = "04-Util.Platform.Share.Identity.Dtos", "src\Util.Platform.Share.Identity.Dtos\04-Util.Platform.Share.Identity.Dtos.csproj", "{94426B1B-1E7E-4BC9-9C22-21597BE5E3C0}"
EndProject
Project("{9A19103F-16F7-4668-BE54-9A1E7A4F7556}") = "05-Util.Platform.Share.Identity.Queries", "src\Util.Platform.Share.Identity.Queries\05-Util.Platform.Share.Identity.Queries.csproj", "{762314D6-36C4-44F9-921B-B0DE123BAC02}"
EndProject
Project("{9A19103F-16F7-4668-BE54-9A1E7A4F7556}") = "06-Util.Platform.Share.Identity.Application", "src\Util.Platform.Share.Identity.Application\06-Util.Platform.Share.Identity.Application.csproj", "{8652894B-11BB-4A1D-8AF6-BF13E07027DE}"
EndProject
Project("{9A19103F-16F7-4668-BE54-9A1E7A4F7556}") = "07-Util.Platform.Share.Identity.IdentityServer", "src\Util.Platform.Share.Identity.IdentityServer\07-Util.Platform.Share.Identity.IdentityServer.csproj", "{DA41411B-1DF0-4B02-B693-0DE4A5B16EF1}"
EndProject
Project("{2150E333-8FDC-42A3-9474-1A3956D46DE8}") = "01-Infrastructure", "01-Infrastructure", "{18E9AB0D-7E62-4F29-A369-08B3B282E105}"
EndProject
Project("{9A19103F-16F7-4668-BE54-9A1E7A4F7556}") = "Util.Platform.Share.Infrastructure", "src\Util.Platform.Share.Infrastructure\Util.Platform.Share.Infrastructure.csproj", "{F34007B1-9527-4C99-952E-FDBBA1EA98A1}"
EndProject
Project("{9A19103F-16F7-4668-BE54-9A1E7A4F7556}") = "Util.Platform.Share.Apps", "src\Util.Platform.Share.Apps\Util.Platform.Share.Apps.csproj", "{9C4D6CA2-CBAC-44C3-9582-0608BF3B6C1D}"
EndProject
Project("{9A19103F-16F7-4668-BE54-9A1E7A4F7556}") = "Util.Platform.Share.Tools", "src\Util.Platform.Share.Tools\Util.Platform.Share.Tools.csproj", "{B5005591-AAFD-4C8C-8F40-A2A594868EB8}"
EndProject
Project("{9A19103F-16F7-4668-BE54-9A1E7A4F7556}") = "Util.Platform.Share.Ui", "src\Util.Platform.Share.Ui\Util.Platform.Share.Ui.csproj", "{8F3B7AEC-C705-4C92-9F3A-687B4964440E}"
EndProject
Project("{FAE04EC0-301F-11D3-BF4B-00C04F79EFBC}") = "Util.Platform.Share.Ui.TagHelper", "src\Util.Platform.Share.Ui.TagHelper\Util.Platform.Share.Ui.TagHelper.csproj", "{90B15185-EFEF-4DE4-AB3A-AAA603798B7A}"
EndProject
Global
	GlobalSection(SolutionConfigurationPlatforms) = preSolution
		Debug|Any CPU = Debug|Any CPU
		Release|Any CPU = Release|Any CPU
	EndGlobalSection
	GlobalSection(ProjectConfigurationPlatforms) = postSolution
		{AA028000-61A0-43C5-BC1B-3CC34E59DD2D}.Debug|Any CPU.ActiveCfg = Debug|Any CPU
		{AA028000-61A0-43C5-BC1B-3CC34E59DD2D}.Debug|Any CPU.Build.0 = Debug|Any CPU
		{AA028000-61A0-43C5-BC1B-3CC34E59DD2D}.Release|Any CPU.ActiveCfg = Release|Any CPU
		{AA028000-61A0-43C5-BC1B-3CC34E59DD2D}.Release|Any CPU.Build.0 = Release|Any CPU
		{C40B81EB-659A-4409-9983-13CFDC30B410}.Debug|Any CPU.ActiveCfg = Debug|Any CPU
		{C40B81EB-659A-4409-9983-13CFDC30B410}.Debug|Any CPU.Build.0 = Debug|Any CPU
		{C40B81EB-659A-4409-9983-13CFDC30B410}.Release|Any CPU.ActiveCfg = Release|Any CPU
		{C40B81EB-659A-4409-9983-13CFDC30B410}.Release|Any CPU.Build.0 = Release|Any CPU
		{90889CA7-9D05-4BE1-BC6E-38CFD8CDB6BB}.Debug|Any CPU.ActiveCfg = Debug|Any CPU
		{90889CA7-9D05-4BE1-BC6E-38CFD8CDB6BB}.Debug|Any CPU.Build.0 = Debug|Any CPU
		{90889CA7-9D05-4BE1-BC6E-38CFD8CDB6BB}.Release|Any CPU.ActiveCfg = Release|Any CPU
		{90889CA7-9D05-4BE1-BC6E-38CFD8CDB6BB}.Release|Any CPU.Build.0 = Release|Any CPU
		{E5D8D228-258B-4B49-A106-1601E2ED8596}.Debug|Any CPU.ActiveCfg = Debug|Any CPU
		{E5D8D228-258B-4B49-A106-1601E2ED8596}.Debug|Any CPU.Build.0 = Debug|Any CPU
		{E5D8D228-258B-4B49-A106-1601E2ED8596}.Release|Any CPU.ActiveCfg = Release|Any CPU
		{E5D8D228-258B-4B49-A106-1601E2ED8596}.Release|Any CPU.Build.0 = Release|Any CPU
		{94426B1B-1E7E-4BC9-9C22-21597BE5E3C0}.Debug|Any CPU.ActiveCfg = Debug|Any CPU
		{94426B1B-1E7E-4BC9-9C22-21597BE5E3C0}.Debug|Any CPU.Build.0 = Debug|Any CPU
		{94426B1B-1E7E-4BC9-9C22-21597BE5E3C0}.Release|Any CPU.ActiveCfg = Release|Any CPU
		{94426B1B-1E7E-4BC9-9C22-21597BE5E3C0}.Release|Any CPU.Build.0 = Release|Any CPU
		{762314D6-36C4-44F9-921B-B0DE123BAC02}.Debug|Any CPU.ActiveCfg = Debug|Any CPU
		{762314D6-36C4-44F9-921B-B0DE123BAC02}.Debug|Any CPU.Build.0 = Debug|Any CPU
		{762314D6-36C4-44F9-921B-B0DE123BAC02}.Release|Any CPU.ActiveCfg = Release|Any CPU
		{762314D6-36C4-44F9-921B-B0DE123BAC02}.Release|Any CPU.Build.0 = Release|Any CPU
		{8652894B-11BB-4A1D-8AF6-BF13E07027DE}.Debug|Any CPU.ActiveCfg = Debug|Any CPU
		{8652894B-11BB-4A1D-8AF6-BF13E07027DE}.Debug|Any CPU.Build.0 = Debug|Any CPU
		{8652894B-11BB-4A1D-8AF6-BF13E07027DE}.Release|Any CPU.ActiveCfg = Release|Any CPU
		{8652894B-11BB-4A1D-8AF6-BF13E07027DE}.Release|Any CPU.Build.0 = Release|Any CPU
		{DA41411B-1DF0-4B02-B693-0DE4A5B16EF1}.Debug|Any CPU.ActiveCfg = Debug|Any CPU
		{DA41411B-1DF0-4B02-B693-0DE4A5B16EF1}.Debug|Any CPU.Build.0 = Debug|Any CPU
		{DA41411B-1DF0-4B02-B693-0DE4A5B16EF1}.Release|Any CPU.ActiveCfg = Release|Any CPU
		{DA41411B-1DF0-4B02-B693-0DE4A5B16EF1}.Release|Any CPU.Build.0 = Release|Any CPU
		{F34007B1-9527-4C99-952E-FDBBA1EA98A1}.Debug|Any CPU.ActiveCfg = Debug|Any CPU
		{F34007B1-9527-4C99-952E-FDBBA1EA98A1}.Debug|Any CPU.Build.0 = Debug|Any CPU
		{F34007B1-9527-4C99-952E-FDBBA1EA98A1}.Release|Any CPU.ActiveCfg = Release|Any CPU
		{F34007B1-9527-4C99-952E-FDBBA1EA98A1}.Release|Any CPU.Build.0 = Release|Any CPU
		{9C4D6CA2-CBAC-44C3-9582-0608BF3B6C1D}.Debug|Any CPU.ActiveCfg = Debug|Any CPU
		{9C4D6CA2-CBAC-44C3-9582-0608BF3B6C1D}.Debug|Any CPU.Build.0 = Debug|Any CPU
		{9C4D6CA2-CBAC-44C3-9582-0608BF3B6C1D}.Release|Any CPU.ActiveCfg = Release|Any CPU
		{9C4D6CA2-CBAC-44C3-9582-0608BF3B6C1D}.Release|Any CPU.Build.0 = Release|Any CPU
		{B5005591-AAFD-4C8C-8F40-A2A594868EB8}.Debug|Any CPU.ActiveCfg = Debug|Any CPU
		{B5005591-AAFD-4C8C-8F40-A2A594868EB8}.Debug|Any CPU.Build.0 = Debug|Any CPU
		{B5005591-AAFD-4C8C-8F40-A2A594868EB8}.Release|Any CPU.ActiveCfg = Release|Any CPU
		{B5005591-AAFD-4C8C-8F40-A2A594868EB8}.Release|Any CPU.Build.0 = Release|Any CPU
		{8F3B7AEC-C705-4C92-9F3A-687B4964440E}.Debug|Any CPU.ActiveCfg = Debug|Any CPU
		{8F3B7AEC-C705-4C92-9F3A-687B4964440E}.Debug|Any CPU.Build.0 = Debug|Any CPU
		{8F3B7AEC-C705-4C92-9F3A-687B4964440E}.Release|Any CPU.ActiveCfg = Release|Any CPU
		{8F3B7AEC-C705-4C92-9F3A-687B4964440E}.Release|Any CPU.Build.0 = Release|Any CPU
		{90B15185-EFEF-4DE4-AB3A-AAA603798B7A}.Debug|Any CPU.ActiveCfg = Debug|Any CPU
		{90B15185-EFEF-4DE4-AB3A-AAA603798B7A}.Debug|Any CPU.Build.0 = Debug|Any CPU
		{90B15185-EFEF-4DE4-AB3A-AAA603798B7A}.Release|Any CPU.ActiveCfg = Release|Any CPU
		{90B15185-EFEF-4DE4-AB3A-AAA603798B7A}.Release|Any CPU.Build.0 = Release|Any CPU
	EndGlobalSection
	GlobalSection(SolutionProperties) = preSolution
		HideSolutionNode = FALSE
	EndGlobalSection
	GlobalSection(NestedProjects) = preSolution
		{AA028000-61A0-43C5-BC1B-3CC34E59DD2D} = {4D4CD17F-EE27-4E16-9353-C2E1CB721DA3}
		{A387C12E-20A7-4A43-B160-A173157BD7FF} = {ADA4B57D-C80F-4D51-8309-645A6585AA40}
		{C40B81EB-659A-4409-9983-13CFDC30B410} = {A387C12E-20A7-4A43-B160-A173157BD7FF}
		{90889CA7-9D05-4BE1-BC6E-38CFD8CDB6BB} = {A387C12E-20A7-4A43-B160-A173157BD7FF}
		{E5D8D228-258B-4B49-A106-1601E2ED8596} = {A387C12E-20A7-4A43-B160-A173157BD7FF}
		{94426B1B-1E7E-4BC9-9C22-21597BE5E3C0} = {A387C12E-20A7-4A43-B160-A173157BD7FF}
		{762314D6-36C4-44F9-921B-B0DE123BAC02} = {A387C12E-20A7-4A43-B160-A173157BD7FF}
		{8652894B-11BB-4A1D-8AF6-BF13E07027DE} = {A387C12E-20A7-4A43-B160-A173157BD7FF}
		{DA41411B-1DF0-4B02-B693-0DE4A5B16EF1} = {A387C12E-20A7-4A43-B160-A173157BD7FF}
		{18E9AB0D-7E62-4F29-A369-08B3B282E105} = {ADA4B57D-C80F-4D51-8309-645A6585AA40}
		{F34007B1-9527-4C99-952E-FDBBA1EA98A1} = {18E9AB0D-7E62-4F29-A369-08B3B282E105}
		{9C4D6CA2-CBAC-44C3-9582-0608BF3B6C1D} = {18E9AB0D-7E62-4F29-A369-08B3B282E105}
		{B5005591-AAFD-4C8C-8F40-A2A594868EB8} = {18E9AB0D-7E62-4F29-A369-08B3B282E105}
		{8F3B7AEC-C705-4C92-9F3A-687B4964440E} = {18E9AB0D-7E62-4F29-A369-08B3B282E105}
		{90B15185-EFEF-4DE4-AB3A-AAA603798B7A} = {18E9AB0D-7E62-4F29-A369-08B3B282E105}
	EndGlobalSection
	GlobalSection(ExtensibilityGlobals) = postSolution
		SolutionGuid = {53CAB123-409D-4905-BE35-28DCB1C55DAF}
	EndGlobalSection
EndGlobal
